
Microsoft Visual Studio Solution File, Format Version 12.00
# Visual Studio 15
Project("{FAE04EC0-301F-11D3-BF4B-00C04F79EFBC}") = "UnityEngine.UI", "UnityEngine.UI.csproj", "{26BD9A57-84A1-AE4E-E4EA-211491C7CE0F}"
EndProject
Project("{FAE04EC0-301F-11D3-BF4B-00C04F79EFBC}") = "UnityEngine.TestRunner", "UnityEngine.TestRunner.csproj", "{A958C588-7B82-04E7-62D5-A3C88996655E}"
EndProject
Project("{FAE04EC0-301F-11D3-BF4B-00C04F79EFBC}") = "Unity.Mathematics", "Unity.Mathematics.csproj", "{F56D6CFD-B92E-C933-76F4-3D2302D83D94}"
EndProject
Project("{FAE04EC0-301F-11D3-BF4B-00C04F79EFBC}") = "UnityEngine.XR.LegacyInputHelpers", "UnityEngine.XR.LegacyInputHelpers.csproj", "{874B0BD5-E184-0A40-1A65-7028C7BBFF36}"
EndProject
Project("{FAE04EC0-301F-11D3-BF4B-00C04F79EFBC}") = "Unity.Timeline", "Unity.Timeline.csproj", "{8D4ADE74-718B-4FCE-2065-B53DDE4B5E20}"
EndProject
Project("{FAE04EC0-301F-11D3-BF4B-00C04F79EFBC}") = "UnityEngine.Purchasing.WinRTCore", "UnityEngine.Purchasing.WinRTCore.csproj", "{2F7C0928-5D03-1EC4-D289-3E93DFF840FC}"
EndProject
Project("{FAE04EC0-301F-11D3-BF4B-00C04F79EFBC}") = "UnityEngine.Monetization", "UnityEngine.Monetization.csproj", "{66DA0324-6A74-1948-DA39-609EF9E0C17C}"
EndProject
Project("{FAE04EC0-301F-11D3-BF4B-00C04F79EFBC}") = "UnityEngine.Purchasing.SecurityCore", "UnityEngine.Purchasing.SecurityCore.csproj", "{5E7AD633-9834-F95E-FE6F-BC6DDBE9D5C5}"
EndProject
Project("{FAE04EC0-301F-11D3-BF4B-00C04F79EFBC}") = "Unity.TextMeshPro", "Unity.TextMeshPro.csproj", "{46E2E58F-E6D7-E2A6-626A-9458BE87B6D0}"
EndProject
Project("{FAE04EC0-301F-11D3-BF4B-00C04F79EFBC}") = "UnityEngine.Purchasing", "UnityEngine.Purchasing.csproj", "{270E0DED-20DE-B0F1-F2D8-C3BD6E41F466}"
EndProject
Project("{FAE04EC0-301F-11D3-BF4B-00C04F79EFBC}") = "UnityEngine.Purchasing.AppleCore", "UnityEngine.Purchasing.AppleCore.csproj", "{C0DC3769-DBB4-1135-DAFC-03A5B582305F}"
EndProject
Project("{FAE04EC0-301F-11D3-BF4B-00C04F79EFBC}") = "UnityEngine.Purchasing.Stores", "UnityEngine.Purchasing.Stores.csproj", "{FA33EEB2-8EEE-C3BB-1ABC-31E044A978F2}"
EndProject
Project("{FAE04EC0-301F-11D3-BF4B-00C04F79EFBC}") = "Unity.2D.Animation.Runtime", "Unity.2D.Animation.Runtime.csproj", "{405A6783-971C-560D-456E-D342AF1173B9}"
EndProject
Project("{FAE04EC0-301F-11D3-BF4B-00C04F79EFBC}") = "UnityEngine.Advertisements", "UnityEngine.Advertisements.csproj", "{620ABE99-9282-99DF-718F-B3DD9BBAF0BA}"
EndProject
Project("{FAE04EC0-301F-11D3-BF4B-00C04F79EFBC}") = "Unity.2D.IK.Runtime", "Unity.2D.IK.Runtime.csproj", "{AD45D73D-906D-B592-E781-97B68DB2A28F}"
EndProject
Project("{FAE04EC0-301F-11D3-BF4B-00C04F79EFBC}") = "Assembly-CSharp", "Assembly-CSharp.csproj", "{F696C7DC-5DDA-C762-7557-A67F6C895CDC}"
EndProject
Project("{FAE04EC0-301F-11D3-BF4B-00C04F79EFBC}") = "Unity.2D.SpriteShape.Runtime", "Unity.2D.SpriteShape.Runtime.csproj", "{A9ACAC71-D0B3-4A3F-42D7-ED37EA2117F7}"
EndProject
Project("{FAE04EC0-301F-11D3-BF4B-00C04F79EFBC}") = "UnityEngine.Purchasing.SecurityStub", "UnityEngine.Purchasing.SecurityStub.csproj", "{B813B8B6-B146-A926-4A0A-7DE59D9B30F4}"
EndProject
Project("{FAE04EC0-301F-11D3-BF4B-00C04F79EFBC}") = "Purchasing.Common", "Purchasing.Common.csproj", "{99BC1A3C-0D09-C379-E441-4CE510B8C573}"
EndProject
Project("{FAE04EC0-301F-11D3-BF4B-00C04F79EFBC}") = "UnityEngine.Purchasing.Codeless", "UnityEngine.Purchasing.Codeless.csproj", "{92AC536A-5996-FC58-DD31-8E3EB2EAFC73}"
EndProject
Project("{FAE04EC0-301F-11D3-BF4B-00C04F79EFBC}") = "Unity.2D.PixelPerfect", "Unity.2D.PixelPerfect.csproj", "{5ECD9CC4-655A-55DE-CD12-5607658023C5}"
EndProject
Project("{FAE04EC0-301F-11D3-BF4B-00C04F79EFBC}") = "UnityEngine.Purchasing.WinRTStub", "UnityEngine.Purchasing.WinRTStub.csproj", "{3262B6FC-EB95-3929-F947-FC0BB3ACD00C}"
EndProject
Project("{FAE04EC0-301F-11D3-BF4B-00C04F79EFBC}") = "UnityEngine.Purchasing.AppleStub", "UnityEngine.Purchasing.AppleStub.csproj", "{5CE52748-AB26-57AD-1AA0-64570D176DE9}"
EndProject
Project("{FAE04EC0-301F-11D3-BF4B-00C04F79EFBC}") = "UnityEngine.Purchasing.AppleMacosStub", "UnityEngine.Purchasing.AppleMacosStub.csproj", "{3732652D-B32A-1BAE-DE17-CFEC9112AA5B}"
EndProject
Project("{FAE04EC0-301F-11D3-BF4B-00C04F79EFBC}") = "Unity.2D.Common.Runtime", "Unity.2D.Common.Runtime.csproj", "{CFABCFE7-9E69-8322-C7A2-CEF6EC045C25}"
EndProject
Project("{FAE04EC0-301F-11D3-BF4B-00C04F79EFBC}") = "UnityEngine.SpatialTracking", "UnityEngine.SpatialTracking.csproj", "{4413FD55-BC1F-FA3C-7F62-5234B74815AA}"
EndProject
Project("{FAE04EC0-301F-11D3-BF4B-00C04F79EFBC}") = "Unity.InternalAPIEngineBridge.001", "Unity.InternalAPIEngineBridge.001.csproj", "{738A858C-4134-C434-AE47-8A52555613A1}"
EndProject
Project("{FAE04EC0-301F-11D3-BF4B-00C04F79EFBC}") = "Unity.Analytics.DataPrivacy", "Unity.Analytics.DataPrivacy.csproj", "{AE551FB2-825F-4F93-13A2-423C3FA93CBF}"
EndProject
Project("{FAE04EC0-301F-11D3-BF4B-00C04F79EFBC}") = "Unity.RenderPipelines.Core.Runtime", "Unity.RenderPipelines.Core.Runtime.csproj", "{C174E651-635E-2B85-F93F-E0F1AEB36615}"
EndProject
Project("{FAE04EC0-301F-11D3-BF4B-00C04F79EFBC}") = "Unity.RenderPipelines.Universal.Runtime", "Unity.RenderPipelines.Universal.Runtime.csproj", "{3E384047-0FD4-926E-7893-115D2087BC31}"
EndProject
Project("{FAE04EC0-301F-11D3-BF4B-00C04F79EFBC}") = "Unity.RenderPipelines.Core.ShaderLibrary", "Unity.RenderPipelines.Core.ShaderLibrary.csproj", "{C06BE09F-26E3-59B4-9299-C7F82E618BEC}"
EndProject
Project("{FAE04EC0-301F-11D3-BF4B-00C04F79EFBC}") = "Unity.RenderPipelines.Universal.Shaders", "Unity.RenderPipelines.Universal.Shaders.csproj", "{586AE741-CD5C-4FD8-09FB-C80D34BF2BAB}"
EndProject
Project("{FAE04EC0-301F-11D3-BF4B-00C04F79EFBC}") = "Unity.RenderPipelines.ShaderGraph.ShaderGraphLibrary", "Unity.RenderPipelines.ShaderGraph.ShaderGraphLibrary.csproj", "{1B17B4B8-EE9D-E67D-14FC-50859BC99AF4}"
EndProject
Project("{FAE04EC0-301F-11D3-BF4B-00C04F79EFBC}") = "Unity.RenderPipeline.Universal.ShaderLibrary", "Unity.RenderPipeline.Universal.ShaderLibrary.csproj", "{40677AB4-B6DF-C630-5744-356D88B606B2}"
EndProject
Project("{FAE04EC0-301F-11D3-BF4B-00C04F79EFBC}") = "UnityEditor.TestRunner", "UnityEditor.TestRunner.csproj", "{D5E496B2-1DEB-F1C8-169F-40831D5DE9CD}"
EndProject
Project("{FAE04EC0-301F-11D3-BF4B-00C04F79EFBC}") = "Unity.PlasticSCM.Editor", "Unity.PlasticSCM.Editor.csproj", "{93860187-9122-69C0-E38E-A19F40DEF266}"
EndProject
Project("{FAE04EC0-301F-11D3-BF4B-00C04F79EFBC}") = "Unity.2D.Animation.Triangle.Editor", "Unity.2D.Animation.Triangle.Editor.csproj", "{7C0B47E7-6388-DD4D-78C4-75EC0E267CF2}"
EndProject
Project("{FAE04EC0-301F-11D3-BF4B-00C04F79EFBC}") = "UnityEditor.UI", "UnityEditor.UI.csproj", "{9DB2E80E-F220-BD54-E907-A015E0532150}"
EndProject
Project("{FAE04EC0-301F-11D3-BF4B-00C04F79EFBC}") = "Unity.Services.Core.Editor", "Unity.Services.Core.Editor.csproj", "{87EE7BD4-2299-0E68-E2BF-C289C6A3465B}"
EndProject
Project("{FAE04EC0-301F-11D3-BF4B-00C04F79EFBC}") = "Unity.Timeline.Editor", "Unity.Timeline.Editor.csproj", "{6B3735CF-3801-C0FD-783D-506630C2C874}"
EndProject
Project("{FAE04EC0-301F-11D3-BF4B-00C04F79EFBC}") = "Unity.VisualStudio.Editor", "Unity.VisualStudio.Editor.csproj", "{83A3B2C0-22F0-6E21-1FCF-F5BD741A11DB}"
EndProject
Project("{FAE04EC0-301F-11D3-BF4B-00C04F79EFBC}") = "Unity.2D.Psdimporter.Editor", "Unity.2D.Psdimporter.Editor.csproj", "{4F5DC77F-76C8-CB5B-B6E0-A094CC0D0891}"
EndProject
Project("{FAE04EC0-301F-11D3-BF4B-00C04F79EFBC}") = "UnityEngine.Advertisements.Editor", "UnityEngine.Advertisements.Editor.csproj", "{3AE9156F-B8BA-CC79-EA92-FB7FEF9DE527}"
EndProject
Project("{FAE04EC0-301F-11D3-BF4B-00C04F79EFBC}") = "Unity.2D.Animation.Editor", "Unity.2D.Animation.Editor.csproj", "{85B599B7-9EDE-BE90-77DE-B66E45BC23C8}"
EndProject
Project("{FAE04EC0-301F-11D3-BF4B-00C04F79EFBC}") = "Unity.TextMeshPro.Editor", "Unity.TextMeshPro.Editor.csproj", "{310D413A-502F-1A58-C457-C4FC4C6B6D55}"
EndProject
Project("{FAE04EC0-301F-11D3-BF4B-00C04F79EFBC}") = "Unity.2D.SpriteShape.Editor", "Unity.2D.SpriteShape.Editor.csproj", "{5546B9A1-24F1-D86D-D49F-04A48D0F0682}"
EndProject
Project("{FAE04EC0-301F-11D3-BF4B-00C04F79EFBC}") = "PsdPlugin", "PsdPlugin.csproj", "{765BC03E-A9EC-75BD-4B39-DFE1A845A46A}"
EndProject
Project("{FAE04EC0-301F-11D3-BF4B-00C04F79EFBC}") = "UnityEditor.Purchasing", "UnityEditor.Purchasing.csproj", "{292AD29F-77E5-9325-D323-4DB7CC868D7D}"
EndProject
Project("{FAE04EC0-301F-11D3-BF4B-00C04F79EFBC}") = "Unity.2D.Path.Editor", "Unity.2D.Path.Editor.csproj", "{41EE9DAA-666F-5B2B-F6B0-00ABE92AB4F9}"
EndProject
Project("{FAE04EC0-301F-11D3-BF4B-00C04F79EFBC}") = "Unity.Rider.Editor", "Unity.Rider.Editor.csproj", "{13553AD8-738D-289C-5427-698F50EF28AD}"
EndProject
Project("{FAE04EC0-301F-11D3-BF4B-00C04F79EFBC}") = "UnityEngine.Advertisements.DevX.Editor", "UnityEngine.Advertisements.DevX.Editor.csproj", "{9BD72DFC-9CFE-39AB-8400-3727643004B4}"
EndProject
Project("{FAE04EC0-301F-11D3-BF4B-00C04F79EFBC}") = "UnityEditor.XR.LegacyInputHelpers", "UnityEditor.XR.LegacyInputHelpers.csproj", "{0ED37A50-56F0-3B79-FD71-647EF733C32D}"
EndProject
Project("{FAE04EC0-301F-11D3-BF4B-00C04F79EFBC}") = "Unity.2D.IK.Editor", "Unity.2D.IK.Editor.csproj", "{C3213470-EB03-035A-65BC-AE4723EF3888}"
EndProject
Project("{FAE04EC0-301F-11D3-BF4B-00C04F79EFBC}") = "Unity.2D.Sprite.Editor", "Unity.2D.Sprite.Editor.csproj", "{5A9F0F86-020F-A94C-3147-B1F60CB3A9E5}"
EndProject
Project("{FAE04EC0-301F-11D3-BF4B-00C04F79EFBC}") = "Unity.2D.Tilemap.Editor", "Unity.2D.Tilemap.Editor.csproj", "{9DCC30A0-D4CE-38B5-B979-0591808BD084}"
EndProject
Project("{FAE04EC0-301F-11D3-BF4B-00C04F79EFBC}") = "Unity.2D.PixelPerfect.Editor", "Unity.2D.PixelPerfect.Editor.csproj", "{96C32D40-6A71-D467-9DBB-6468590D5997}"
EndProject
Project("{FAE04EC0-301F-11D3-BF4B-00C04F79EFBC}") = "Unity.VSCode.Editor", "Unity.VSCode.Editor.csproj", "{0E80D06A-081C-DD67-14C2-693D5C68A4CB}"
EndProject
Project("{FAE04EC0-301F-11D3-BF4B-00C04F79EFBC}") = "UnityEditor.SpatialTracking", "UnityEditor.SpatialTracking.csproj", "{F50A643D-EFA8-ABF1-0BCC-71EBCB296316}"
EndProject
Project("{FAE04EC0-301F-11D3-BF4B-00C04F79EFBC}") = "Assembly-CSharp-Editor", "Assembly-CSharp-Editor.csproj", "{7CFA4686-C8DB-ADEA-1772-4D6DE2FDEFEA}"
EndProject
Project("{FAE04EC0-301F-11D3-BF4B-00C04F79EFBC}") = "Unity.2D.Common.Editor", "Unity.2D.Common.Editor.csproj", "{86AF68B6-8320-8B87-BBE2-5E045430FAA8}"
EndProject
Project("{FAE04EC0-301F-11D3-BF4B-00C04F79EFBC}") = "Unity.Mathematics.Editor", "Unity.Mathematics.Editor.csproj", "{D15870E0-3871-EB05-B7E6-FDE42988035C}"
EndProject
Project("{FAE04EC0-301F-11D3-BF4B-00C04F79EFBC}") = "Unity.CollabProxy.Editor", "Unity.CollabProxy.Editor.csproj", "{945641CE-FE64-F1D4-7127-F52F22680B26}"
EndProject
Project("{FAE04EC0-301F-11D3-BF4B-00C04F79EFBC}") = "Analytics", "Analytics.csproj", "{B9EAD32D-0EF3-F97E-AB27-09B1B58DABD0}"
EndProject
Project("{FAE04EC0-301F-11D3-BF4B-00C04F79EFBC}") = "Unity.InternalAPIEditorBridge.001", "Unity.InternalAPIEditorBridge.001.csproj", "{136BDF8F-BBD8-B662-AB0D-32B9B52959E2}"
EndProject
Project("{FAE04EC0-301F-11D3-BF4B-00C04F79EFBC}") = "Unity.ShaderGraph.Editor", "Unity.ShaderGraph.Editor.csproj", "{80629509-7FE3-A3E7-EB51-06695957C1A0}"
EndProject
Project("{FAE04EC0-301F-11D3-BF4B-00C04F79EFBC}") = "Unity.RenderPipelines.Core.Editor", "Unity.RenderPipelines.Core.Editor.csproj", "{3E7169DD-32AF-31DF-8D1A-FE09784BC1C3}"
EndProject
Project("{FAE04EC0-301F-11D3-BF4B-00C04F79EFBC}") = "Unity.RenderPipelines.Universal.Editor", "Unity.RenderPipelines.Universal.Editor.csproj", "{EB0AAA17-765C-68FC-13D2-6CF4F932B068}"
EndProject
Project("{FAE04EC0-301F-11D3-BF4B-00C04F79EFBC}") = "Unity.ShaderGraph.Utilities", "Unity.ShaderGraph.Utilities.csproj", "{725FA53C-6B56-A12F-4EB5-02DDE6756889}"
EndProject
Project("{FAE04EC0-301F-11D3-BF4B-00C04F79EFBC}") = "Unity.Searcher.Editor", "Unity.Searcher.Editor.csproj", "{F9159BA3-C13A-7B0B-7CC3-EE061D123B5A}"
EndProject
Project("{FAE04EC0-301F-11D3-BF4B-00C04F79EFBC}") = "UnityEngine.UI", "UnityEngine.UI.Player.csproj", "{53C1B47B-3DA7-5DB7-37A6-36F203ADA057}"
EndProject
Project("{FAE04EC0-301F-11D3-BF4B-00C04F79EFBC}") = "UnityEngine.TestRunner", "UnityEngine.TestRunner.Player.csproj", "{6253FC6D-6FB9-D10F-7939-49294DDDFF3E}"
EndProject
Project("{FAE04EC0-301F-11D3-BF4B-00C04F79EFBC}") = "Unity.Mathematics", "Unity.Mathematics.Player.csproj", "{248665B0-17FC-4582-460A-769BEEF33DBC}"
EndProject
Project("{FAE04EC0-301F-11D3-BF4B-00C04F79EFBC}") = "UnityEngine.XR.LegacyInputHelpers", "UnityEngine.XR.LegacyInputHelpers.Player.csproj", "{875EED57-15FF-0E85-E557-90F4ED919392}"
EndProject
Project("{FAE04EC0-301F-11D3-BF4B-00C04F79EFBC}") = "Unity.Timeline", "Unity.Timeline.Player.csproj", "{8B50ADB2-5711-9726-6515-E2BCD9571E88}"
EndProject
Project("{FAE04EC0-301F-11D3-BF4B-00C04F79EFBC}") = "UnityEngine.Purchasing.WinRTCore", "UnityEngine.Purchasing.WinRTCore.Player.csproj", "{47B18EA2-FB72-2D0A-F73A-9DC055B876DA}"
EndProject
Project("{FAE04EC0-301F-11D3-BF4B-00C04F79EFBC}") = "UnityEngine.Monetization", "UnityEngine.Monetization.Player.csproj", "{C2AB9C84-9C3B-78CB-0967-E504C5B6A9C7}"
EndProject
Project("{FAE04EC0-301F-11D3-BF4B-00C04F79EFBC}") = "UnityEngine.Purchasing.SecurityCore", "UnityEngine.Purchasing.SecurityCore.Player.csproj", "{8C27720B-7EE2-A6A3-2B33-C162750414FC}"
EndProject
Project("{FAE04EC0-301F-11D3-BF4B-00C04F79EFBC}") = "Unity.TextMeshPro", "Unity.TextMeshPro.Player.csproj", "{C2BFF753-EA74-E661-0964-F11BC89202C8}"
EndProject
Project("{FAE04EC0-301F-11D3-BF4B-00C04F79EFBC}") = "UnityEngine.Purchasing", "UnityEngine.Purchasing.Player.csproj", "{C4D6F555-93EA-F240-6B7F-B7F4CC43254E}"
EndProject
Project("{FAE04EC0-301F-11D3-BF4B-00C04F79EFBC}") = "UnityEngine.Purchasing.AppleCore", "UnityEngine.Purchasing.AppleCore.Player.csproj", "{75055DFB-EC84-889B-BC16-43B8C038AAD8}"
EndProject
Project("{FAE04EC0-301F-11D3-BF4B-00C04F79EFBC}") = "UnityEngine.Purchasing.Stores", "UnityEngine.Purchasing.Stores.Player.csproj", "{CA1B0E89-5AE1-048B-6AE5-2A626281789A}"
EndProject
Project("{FAE04EC0-301F-11D3-BF4B-00C04F79EFBC}") = "Unity.2D.Animation.Runtime", "Unity.2D.Animation.Runtime.Player.csproj", "{CD6EFA35-9778-83D2-237F-D39103D4EF8A}"
EndProject
Project("{FAE04EC0-301F-11D3-BF4B-00C04F79EFBC}") = "UnityEngine.Advertisements", "UnityEngine.Advertisements.Player.csproj", "{C07D384C-6A93-A8C6-1981-BA133C10861D}"
EndProject
Project("{FAE04EC0-301F-11D3-BF4B-00C04F79EFBC}") = "Unity.2D.IK.Runtime", "Unity.2D.IK.Runtime.Player.csproj", "{1824A8E7-3695-39DD-11B2-9DC940FAA2D1}"
EndProject
Project("{FAE04EC0-301F-11D3-BF4B-00C04F79EFBC}") = "Assembly-CSharp", "Assembly-CSharp.Player.csproj", "{E47FA6C5-5605-47E0-9997-CA97E132C82A}"
EndProject
Project("{FAE04EC0-301F-11D3-BF4B-00C04F79EFBC}") = "Unity.2D.SpriteShape.Runtime", "Unity.2D.SpriteShape.Runtime.Player.csproj", "{BB6E5869-A657-8F58-351D-4726ACEAD56D}"
EndProject
Project("{FAE04EC0-301F-11D3-BF4B-00C04F79EFBC}") = "UnityEngine.Purchasing.SecurityStub", "UnityEngine.Purchasing.SecurityStub.Player.csproj", "{A64F0C86-6E04-F59B-593F-B057C71EC24A}"
EndProject
Project("{FAE04EC0-301F-11D3-BF4B-00C04F79EFBC}") = "Purchasing.Common", "Purchasing.Common.Player.csproj", "{3ECF28AB-FCFF-02F1-9DED-0E2BCCA81374}"
EndProject
Project("{FAE04EC0-301F-11D3-BF4B-00C04F79EFBC}") = "UnityEngine.Purchasing.Codeless", "UnityEngine.Purchasing.Codeless.Player.csproj", "{F2642495-2E55-A20B-6D1A-1D3D6B735DCD}"
EndProject
Project("{FAE04EC0-301F-11D3-BF4B-00C04F79EFBC}") = "Unity.2D.PixelPerfect", "Unity.2D.PixelPerfect.Player.csproj", "{ADFA9FF8-05B4-9A3D-9088-9C4CA40C9481}"
EndProject
Project("{FAE04EC0-301F-11D3-BF4B-00C04F79EFBC}") = "UnityEngine.Purchasing.WinRTStub", "UnityEngine.Purchasing.WinRTStub.Player.csproj", "{9769DEC3-6296-2715-3814-66FBCE7B161E}"
EndProject
Project("{FAE04EC0-301F-11D3-BF4B-00C04F79EFBC}") = "UnityEngine.Purchasing.AppleStub", "UnityEngine.Purchasing.AppleStub.Player.csproj", "{1C59573B-80C2-B5D1-07E9-6F36A1B24073}"
EndProject
Project("{FAE04EC0-301F-11D3-BF4B-00C04F79EFBC}") = "UnityEngine.Purchasing.AppleMacosStub", "UnityEngine.Purchasing.AppleMacosStub.Player.csproj", "{23202133-64F1-9CB6-9B75-D80759941903}"
EndProject
Project("{FAE04EC0-301F-11D3-BF4B-00C04F79EFBC}") = "Unity.2D.Common.Runtime", "Unity.2D.Common.Runtime.Player.csproj", "{DF2BA8B2-8F0E-5A24-A151-DE9F746B33DE}"
EndProject
Project("{FAE04EC0-301F-11D3-BF4B-00C04F79EFBC}") = "UnityEngine.SpatialTracking", "UnityEngine.SpatialTracking.Player.csproj", "{A9D1D738-2971-A5BF-F44E-60BB7F4B47E3}"
EndProject
Project("{FAE04EC0-301F-11D3-BF4B-00C04F79EFBC}") = "Unity.InternalAPIEngineBridge.001", "Unity.InternalAPIEngineBridge.001.Player.csproj", "{1B06B0E0-C17D-3837-95B7-75124846DF53}"
EndProject
Project("{FAE04EC0-301F-11D3-BF4B-00C04F79EFBC}") = "Unity.Analytics.DataPrivacy", "Unity.Analytics.DataPrivacy.Player.csproj", "{159F78AF-8200-4988-AA59-FD43BFD73927}"
EndProject
Project("{FAE04EC0-301F-11D3-BF4B-00C04F79EFBC}") = "Unity.RenderPipelines.Core.Runtime", "Unity.RenderPipelines.Core.Runtime.Player.csproj", "{C5D6A440-174F-5826-1F98-0C235C4E9249}"
EndProject
Project("{FAE04EC0-301F-11D3-BF4B-00C04F79EFBC}") = "Unity.RenderPipelines.Universal.Runtime", "Unity.RenderPipelines.Universal.Runtime.Player.csproj", "{B38F2307-A534-6BF6-9AE9-19184F30566E}"
EndProject
Project("{FAE04EC0-301F-11D3-BF4B-00C04F79EFBC}") = "Unity.RenderPipelines.Core.ShaderLibrary", "Unity.RenderPipelines.Core.ShaderLibrary.Player.csproj", "{1FBA3299-1D78-A7F7-E26A-D8F92FA577F9}"
EndProject
Project("{FAE04EC0-301F-11D3-BF4B-00C04F79EFBC}") = "Unity.RenderPipelines.Universal.Shaders", "Unity.RenderPipelines.Universal.Shaders.Player.csproj", "{CA3E21F7-5B4D-09F2-EEC2-B518333C50D6}"
EndProject
Project("{FAE04EC0-301F-11D3-BF4B-00C04F79EFBC}") = "Unity.RenderPipelines.ShaderGraph.ShaderGraphLibrary", "Unity.RenderPipelines.ShaderGraph.ShaderGraphLibrary.Player.csproj", "{62D8D6D2-9041-7A22-AB30-D12FF0E7577D}"
EndProject
Project("{FAE04EC0-301F-11D3-BF4B-00C04F79EFBC}") = "Unity.RenderPipeline.Universal.ShaderLibrary", "Unity.RenderPipeline.Universal.ShaderLibrary.Player.csproj", "{0840AE6A-0C47-CA09-04DD-1D4F45C8FD52}"
EndProject
Global
	GlobalSection(SolutionConfigurationPlatforms) = preSolution
		Debug|Any CPU = Debug|Any CPU
		Release|Any CPU = Release|Any CPU
	EndGlobalSection
	GlobalSection(ProjectConfigurationPlatforms) = postSolution
		{26BD9A57-84A1-AE4E-E4EA-211491C7CE0F}.Debug|Any CPU.ActiveCfg = Debug|Any CPU
		{26BD9A57-84A1-AE4E-E4EA-211491C7CE0F}.Debug|Any CPU.Build.0 = Debug|Any CPU
		{26BD9A57-84A1-AE4E-E4EA-211491C7CE0F}.Release|Any CPU.ActiveCfg = Release|Any CPU
		{26BD9A57-84A1-AE4E-E4EA-211491C7CE0F}.Release|Any CPU.Build.0 = Release|Any CPU
		{A958C588-7B82-04E7-62D5-A3C88996655E}.Debug|Any CPU.ActiveCfg = Debug|Any CPU
		{A958C588-7B82-04E7-62D5-A3C88996655E}.Debug|Any CPU.Build.0 = Debug|Any CPU
		{A958C588-7B82-04E7-62D5-A3C88996655E}.Release|Any CPU.ActiveCfg = Release|Any CPU
		{A958C588-7B82-04E7-62D5-A3C88996655E}.Release|Any CPU.Build.0 = Release|Any CPU
		{F56D6CFD-B92E-C933-76F4-3D2302D83D94}.Debug|Any CPU.ActiveCfg = Debug|Any CPU
		{F56D6CFD-B92E-C933-76F4-3D2302D83D94}.Debug|Any CPU.Build.0 = Debug|Any CPU
		{F56D6CFD-B92E-C933-76F4-3D2302D83D94}.Release|Any CPU.ActiveCfg = Release|Any CPU
		{F56D6CFD-B92E-C933-76F4-3D2302D83D94}.Release|Any CPU.Build.0 = Release|Any CPU
		{874B0BD5-E184-0A40-1A65-7028C7BBFF36}.Debug|Any CPU.ActiveCfg = Debug|Any CPU
		{874B0BD5-E184-0A40-1A65-7028C7BBFF36}.Debug|Any CPU.Build.0 = Debug|Any CPU
		{874B0BD5-E184-0A40-1A65-7028C7BBFF36}.Release|Any CPU.ActiveCfg = Release|Any CPU
		{874B0BD5-E184-0A40-1A65-7028C7BBFF36}.Release|Any CPU.Build.0 = Release|Any CPU
		{8D4ADE74-718B-4FCE-2065-B53DDE4B5E20}.Debug|Any CPU.ActiveCfg = Debug|Any CPU
		{8D4ADE74-718B-4FCE-2065-B53DDE4B5E20}.Debug|Any CPU.Build.0 = Debug|Any CPU
		{8D4ADE74-718B-4FCE-2065-B53DDE4B5E20}.Release|Any CPU.ActiveCfg = Release|Any CPU
		{8D4ADE74-718B-4FCE-2065-B53DDE4B5E20}.Release|Any CPU.Build.0 = Release|Any CPU
		{2F7C0928-5D03-1EC4-D289-3E93DFF840FC}.Debug|Any CPU.ActiveCfg = Debug|Any CPU
		{2F7C0928-5D03-1EC4-D289-3E93DFF840FC}.Debug|Any CPU.Build.0 = Debug|Any CPU
		{2F7C0928-5D03-1EC4-D289-3E93DFF840FC}.Release|Any CPU.ActiveCfg = Release|Any CPU
		{2F7C0928-5D03-1EC4-D289-3E93DFF840FC}.Release|Any CPU.Build.0 = Release|Any CPU
		{66DA0324-6A74-1948-DA39-609EF9E0C17C}.Debug|Any CPU.ActiveCfg = Debug|Any CPU
		{66DA0324-6A74-1948-DA39-609EF9E0C17C}.Debug|Any CPU.Build.0 = Debug|Any CPU
		{66DA0324-6A74-1948-DA39-609EF9E0C17C}.Release|Any CPU.ActiveCfg = Release|Any CPU
		{66DA0324-6A74-1948-DA39-609EF9E0C17C}.Release|Any CPU.Build.0 = Release|Any CPU
		{5E7AD633-9834-F95E-FE6F-BC6DDBE9D5C5}.Debug|Any CPU.ActiveCfg = Debug|Any CPU
		{5E7AD633-9834-F95E-FE6F-BC6DDBE9D5C5}.Debug|Any CPU.Build.0 = Debug|Any CPU
		{5E7AD633-9834-F95E-FE6F-BC6DDBE9D5C5}.Release|Any CPU.ActiveCfg = Release|Any CPU
		{5E7AD633-9834-F95E-FE6F-BC6DDBE9D5C5}.Release|Any CPU.Build.0 = Release|Any CPU
		{46E2E58F-E6D7-E2A6-626A-9458BE87B6D0}.Debug|Any CPU.ActiveCfg = Debug|Any CPU
		{46E2E58F-E6D7-E2A6-626A-9458BE87B6D0}.Debug|Any CPU.Build.0 = Debug|Any CPU
		{46E2E58F-E6D7-E2A6-626A-9458BE87B6D0}.Release|Any CPU.ActiveCfg = Release|Any CPU
		{46E2E58F-E6D7-E2A6-626A-9458BE87B6D0}.Release|Any CPU.Build.0 = Release|Any CPU
		{270E0DED-20DE-B0F1-F2D8-C3BD6E41F466}.Debug|Any CPU.ActiveCfg = Debug|Any CPU
		{270E0DED-20DE-B0F1-F2D8-C3BD6E41F466}.Debug|Any CPU.Build.0 = Debug|Any CPU
		{270E0DED-20DE-B0F1-F2D8-C3BD6E41F466}.Release|Any CPU.ActiveCfg = Release|Any CPU
		{270E0DED-20DE-B0F1-F2D8-C3BD6E41F466}.Release|Any CPU.Build.0 = Release|Any CPU
		{C0DC3769-DBB4-1135-DAFC-03A5B582305F}.Debug|Any CPU.ActiveCfg = Debug|Any CPU
		{C0DC3769-DBB4-1135-DAFC-03A5B582305F}.Debug|Any CPU.Build.0 = Debug|Any CPU
		{C0DC3769-DBB4-1135-DAFC-03A5B582305F}.Release|Any CPU.ActiveCfg = Release|Any CPU
		{C0DC3769-DBB4-1135-DAFC-03A5B582305F}.Release|Any CPU.Build.0 = Release|Any CPU
		{FA33EEB2-8EEE-C3BB-1ABC-31E044A978F2}.Debug|Any CPU.ActiveCfg = Debug|Any CPU
		{FA33EEB2-8EEE-C3BB-1ABC-31E044A978F2}.Debug|Any CPU.Build.0 = Debug|Any CPU
		{FA33EEB2-8EEE-C3BB-1ABC-31E044A978F2}.Release|Any CPU.ActiveCfg = Release|Any CPU
		{FA33EEB2-8EEE-C3BB-1ABC-31E044A978F2}.Release|Any CPU.Build.0 = Release|Any CPU
		{405A6783-971C-560D-456E-D342AF1173B9}.Debug|Any CPU.ActiveCfg = Debug|Any CPU
		{405A6783-971C-560D-456E-D342AF1173B9}.Debug|Any CPU.Build.0 = Debug|Any CPU
		{405A6783-971C-560D-456E-D342AF1173B9}.Release|Any CPU.ActiveCfg = Release|Any CPU
		{405A6783-971C-560D-456E-D342AF1173B9}.Release|Any CPU.Build.0 = Release|Any CPU
		{620ABE99-9282-99DF-718F-B3DD9BBAF0BA}.Debug|Any CPU.ActiveCfg = Debug|Any CPU
		{620ABE99-9282-99DF-718F-B3DD9BBAF0BA}.Debug|Any CPU.Build.0 = Debug|Any CPU
		{620ABE99-9282-99DF-718F-B3DD9BBAF0BA}.Release|Any CPU.ActiveCfg = Release|Any CPU
		{620ABE99-9282-99DF-718F-B3DD9BBAF0BA}.Release|Any CPU.Build.0 = Release|Any CPU
		{AD45D73D-906D-B592-E781-97B68DB2A28F}.Debug|Any CPU.ActiveCfg = Debug|Any CPU
		{AD45D73D-906D-B592-E781-97B68DB2A28F}.Debug|Any CPU.Build.0 = Debug|Any CPU
		{AD45D73D-906D-B592-E781-97B68DB2A28F}.Release|Any CPU.ActiveCfg = Release|Any CPU
		{AD45D73D-906D-B592-E781-97B68DB2A28F}.Release|Any CPU.Build.0 = Release|Any CPU
		{F696C7DC-5DDA-C762-7557-A67F6C895CDC}.Debug|Any CPU.ActiveCfg = Debug|Any CPU
		{F696C7DC-5DDA-C762-7557-A67F6C895CDC}.Debug|Any CPU.Build.0 = Debug|Any CPU
		{F696C7DC-5DDA-C762-7557-A67F6C895CDC}.Release|Any CPU.ActiveCfg = Release|Any CPU
		{F696C7DC-5DDA-C762-7557-A67F6C895CDC}.Release|Any CPU.Build.0 = Release|Any CPU
		{A9ACAC71-D0B3-4A3F-42D7-ED37EA2117F7}.Debug|Any CPU.ActiveCfg = Debug|Any CPU
		{A9ACAC71-D0B3-4A3F-42D7-ED37EA2117F7}.Debug|Any CPU.Build.0 = Debug|Any CPU
		{A9ACAC71-D0B3-4A3F-42D7-ED37EA2117F7}.Release|Any CPU.ActiveCfg = Release|Any CPU
		{A9ACAC71-D0B3-4A3F-42D7-ED37EA2117F7}.Release|Any CPU.Build.0 = Release|Any CPU
		{B813B8B6-B146-A926-4A0A-7DE59D9B30F4}.Debug|Any CPU.ActiveCfg = Debug|Any CPU
		{B813B8B6-B146-A926-4A0A-7DE59D9B30F4}.Debug|Any CPU.Build.0 = Debug|Any CPU
		{B813B8B6-B146-A926-4A0A-7DE59D9B30F4}.Release|Any CPU.ActiveCfg = Release|Any CPU
		{B813B8B6-B146-A926-4A0A-7DE59D9B30F4}.Release|Any CPU.Build.0 = Release|Any CPU
		{99BC1A3C-0D09-C379-E441-4CE510B8C573}.Debug|Any CPU.ActiveCfg = Debug|Any CPU
		{99BC1A3C-0D09-C379-E441-4CE510B8C573}.Debug|Any CPU.Build.0 = Debug|Any CPU
		{99BC1A3C-0D09-C379-E441-4CE510B8C573}.Release|Any CPU.ActiveCfg = Release|Any CPU
		{99BC1A3C-0D09-C379-E441-4CE510B8C573}.Release|Any CPU.Build.0 = Release|Any CPU
		{92AC536A-5996-FC58-DD31-8E3EB2EAFC73}.Debug|Any CPU.ActiveCfg = Debug|Any CPU
		{92AC536A-5996-FC58-DD31-8E3EB2EAFC73}.Debug|Any CPU.Build.0 = Debug|Any CPU
		{92AC536A-5996-FC58-DD31-8E3EB2EAFC73}.Release|Any CPU.ActiveCfg = Release|Any CPU
		{92AC536A-5996-FC58-DD31-8E3EB2EAFC73}.Release|Any CPU.Build.0 = Release|Any CPU
		{5ECD9CC4-655A-55DE-CD12-5607658023C5}.Debug|Any CPU.ActiveCfg = Debug|Any CPU
		{5ECD9CC4-655A-55DE-CD12-5607658023C5}.Debug|Any CPU.Build.0 = Debug|Any CPU
		{5ECD9CC4-655A-55DE-CD12-5607658023C5}.Release|Any CPU.ActiveCfg = Release|Any CPU
		{5ECD9CC4-655A-55DE-CD12-5607658023C5}.Release|Any CPU.Build.0 = Release|Any CPU
		{3262B6FC-EB95-3929-F947-FC0BB3ACD00C}.Debug|Any CPU.ActiveCfg = Debug|Any CPU
		{3262B6FC-EB95-3929-F947-FC0BB3ACD00C}.Debug|Any CPU.Build.0 = Debug|Any CPU
		{3262B6FC-EB95-3929-F947-FC0BB3ACD00C}.Release|Any CPU.ActiveCfg = Release|Any CPU
		{3262B6FC-EB95-3929-F947-FC0BB3ACD00C}.Release|Any CPU.Build.0 = Release|Any CPU
		{5CE52748-AB26-57AD-1AA0-64570D176DE9}.Debug|Any CPU.ActiveCfg = Debug|Any CPU
		{5CE52748-AB26-57AD-1AA0-64570D176DE9}.Debug|Any CPU.Build.0 = Debug|Any CPU
		{5CE52748-AB26-57AD-1AA0-64570D176DE9}.Release|Any CPU.ActiveCfg = Release|Any CPU
		{5CE52748-AB26-57AD-1AA0-64570D176DE9}.Release|Any CPU.Build.0 = Release|Any CPU
		{3732652D-B32A-1BAE-DE17-CFEC9112AA5B}.Debug|Any CPU.ActiveCfg = Debug|Any CPU
		{3732652D-B32A-1BAE-DE17-CFEC9112AA5B}.Debug|Any CPU.Build.0 = Debug|Any CPU
		{3732652D-B32A-1BAE-DE17-CFEC9112AA5B}.Release|Any CPU.ActiveCfg = Release|Any CPU
		{3732652D-B32A-1BAE-DE17-CFEC9112AA5B}.Release|Any CPU.Build.0 = Release|Any CPU
		{CFABCFE7-9E69-8322-C7A2-CEF6EC045C25}.Debug|Any CPU.ActiveCfg = Debug|Any CPU
		{CFABCFE7-9E69-8322-C7A2-CEF6EC045C25}.Debug|Any CPU.Build.0 = Debug|Any CPU
		{CFABCFE7-9E69-8322-C7A2-CEF6EC045C25}.Release|Any CPU.ActiveCfg = Release|Any CPU
		{CFABCFE7-9E69-8322-C7A2-CEF6EC045C25}.Release|Any CPU.Build.0 = Release|Any CPU
		{4413FD55-BC1F-FA3C-7F62-5234B74815AA}.Debug|Any CPU.ActiveCfg = Debug|Any CPU
		{4413FD55-BC1F-FA3C-7F62-5234B74815AA}.Debug|Any CPU.Build.0 = Debug|Any CPU
		{4413FD55-BC1F-FA3C-7F62-5234B74815AA}.Release|Any CPU.ActiveCfg = Release|Any CPU
		{4413FD55-BC1F-FA3C-7F62-5234B74815AA}.Release|Any CPU.Build.0 = Release|Any CPU
		{738A858C-4134-C434-AE47-8A52555613A1}.Debug|Any CPU.ActiveCfg = Debug|Any CPU
		{738A858C-4134-C434-AE47-8A52555613A1}.Debug|Any CPU.Build.0 = Debug|Any CPU
		{738A858C-4134-C434-AE47-8A52555613A1}.Release|Any CPU.ActiveCfg = Release|Any CPU
		{738A858C-4134-C434-AE47-8A52555613A1}.Release|Any CPU.Build.0 = Release|Any CPU
		{AE551FB2-825F-4F93-13A2-423C3FA93CBF}.Debug|Any CPU.ActiveCfg = Debug|Any CPU
		{AE551FB2-825F-4F93-13A2-423C3FA93CBF}.Debug|Any CPU.Build.0 = Debug|Any CPU
		{AE551FB2-825F-4F93-13A2-423C3FA93CBF}.Release|Any CPU.ActiveCfg = Release|Any CPU
		{AE551FB2-825F-4F93-13A2-423C3FA93CBF}.Release|Any CPU.Build.0 = Release|Any CPU
		{C174E651-635E-2B85-F93F-E0F1AEB36615}.Debug|Any CPU.ActiveCfg = Debug|Any CPU
		{C174E651-635E-2B85-F93F-E0F1AEB36615}.Debug|Any CPU.Build.0 = Debug|Any CPU
		{C174E651-635E-2B85-F93F-E0F1AEB36615}.Release|Any CPU.ActiveCfg = Release|Any CPU
		{C174E651-635E-2B85-F93F-E0F1AEB36615}.Release|Any CPU.Build.0 = Release|Any CPU
		{3E384047-0FD4-926E-7893-115D2087BC31}.Debug|Any CPU.ActiveCfg = Debug|Any CPU
		{3E384047-0FD4-926E-7893-115D2087BC31}.Debug|Any CPU.Build.0 = Debug|Any CPU
		{3E384047-0FD4-926E-7893-115D2087BC31}.Release|Any CPU.ActiveCfg = Release|Any CPU
		{3E384047-0FD4-926E-7893-115D2087BC31}.Release|Any CPU.Build.0 = Release|Any CPU
		{C06BE09F-26E3-59B4-9299-C7F82E618BEC}.Debug|Any CPU.ActiveCfg = Debug|Any CPU
		{C06BE09F-26E3-59B4-9299-C7F82E618BEC}.Debug|Any CPU.Build.0 = Debug|Any CPU
		{C06BE09F-26E3-59B4-9299-C7F82E618BEC}.Release|Any CPU.ActiveCfg = Release|Any CPU
		{C06BE09F-26E3-59B4-9299-C7F82E618BEC}.Release|Any CPU.Build.0 = Release|Any CPU
		{586AE741-CD5C-4FD8-09FB-C80D34BF2BAB}.Debug|Any CPU.ActiveCfg = Debug|Any CPU
		{586AE741-CD5C-4FD8-09FB-C80D34BF2BAB}.Debug|Any CPU.Build.0 = Debug|Any CPU
		{586AE741-CD5C-4FD8-09FB-C80D34BF2BAB}.Release|Any CPU.ActiveCfg = Release|Any CPU
		{586AE741-CD5C-4FD8-09FB-C80D34BF2BAB}.Release|Any CPU.Build.0 = Release|Any CPU
		{1B17B4B8-EE9D-E67D-14FC-50859BC99AF4}.Debug|Any CPU.ActiveCfg = Debug|Any CPU
		{1B17B4B8-EE9D-E67D-14FC-50859BC99AF4}.Debug|Any CPU.Build.0 = Debug|Any CPU
		{1B17B4B8-EE9D-E67D-14FC-50859BC99AF4}.Release|Any CPU.ActiveCfg = Release|Any CPU
		{1B17B4B8-EE9D-E67D-14FC-50859BC99AF4}.Release|Any CPU.Build.0 = Release|Any CPU
		{40677AB4-B6DF-C630-5744-356D88B606B2}.Debug|Any CPU.ActiveCfg = Debug|Any CPU
		{40677AB4-B6DF-C630-5744-356D88B606B2}.Debug|Any CPU.Build.0 = Debug|Any CPU
		{40677AB4-B6DF-C630-5744-356D88B606B2}.Release|Any CPU.ActiveCfg = Release|Any CPU
		{40677AB4-B6DF-C630-5744-356D88B606B2}.Release|Any CPU.Build.0 = Release|Any CPU
		{D5E496B2-1DEB-F1C8-169F-40831D5DE9CD}.Debug|Any CPU.ActiveCfg = Debug|Any CPU
		{D5E496B2-1DEB-F1C8-169F-40831D5DE9CD}.Debug|Any CPU.Build.0 = Debug|Any CPU
		{D5E496B2-1DEB-F1C8-169F-40831D5DE9CD}.Release|Any CPU.ActiveCfg = Release|Any CPU
		{D5E496B2-1DEB-F1C8-169F-40831D5DE9CD}.Release|Any CPU.Build.0 = Release|Any CPU
		{93860187-9122-69C0-E38E-A19F40DEF266}.Debug|Any CPU.ActiveCfg = Debug|Any CPU
		{93860187-9122-69C0-E38E-A19F40DEF266}.Debug|Any CPU.Build.0 = Debug|Any CPU
		{93860187-9122-69C0-E38E-A19F40DEF266}.Release|Any CPU.ActiveCfg = Release|Any CPU
		{93860187-9122-69C0-E38E-A19F40DEF266}.Release|Any CPU.Build.0 = Release|Any CPU
		{7C0B47E7-6388-DD4D-78C4-75EC0E267CF2}.Debug|Any CPU.ActiveCfg = Debug|Any CPU
		{7C0B47E7-6388-DD4D-78C4-75EC0E267CF2}.Debug|Any CPU.Build.0 = Debug|Any CPU
		{7C0B47E7-6388-DD4D-78C4-75EC0E267CF2}.Release|Any CPU.ActiveCfg = Release|Any CPU
		{7C0B47E7-6388-DD4D-78C4-75EC0E267CF2}.Release|Any CPU.Build.0 = Release|Any CPU
		{9DB2E80E-F220-BD54-E907-A015E0532150}.Debug|Any CPU.ActiveCfg = Debug|Any CPU
		{9DB2E80E-F220-BD54-E907-A015E0532150}.Debug|Any CPU.Build.0 = Debug|Any CPU
		{9DB2E80E-F220-BD54-E907-A015E0532150}.Release|Any CPU.ActiveCfg = Release|Any CPU
		{9DB2E80E-F220-BD54-E907-A015E0532150}.Release|Any CPU.Build.0 = Release|Any CPU
		{87EE7BD4-2299-0E68-E2BF-C289C6A3465B}.Debug|Any CPU.ActiveCfg = Debug|Any CPU
		{87EE7BD4-2299-0E68-E2BF-C289C6A3465B}.Debug|Any CPU.Build.0 = Debug|Any CPU
		{87EE7BD4-2299-0E68-E2BF-C289C6A3465B}.Release|Any CPU.ActiveCfg = Release|Any CPU
		{87EE7BD4-2299-0E68-E2BF-C289C6A3465B}.Release|Any CPU.Build.0 = Release|Any CPU
		{6B3735CF-3801-C0FD-783D-506630C2C874}.Debug|Any CPU.ActiveCfg = Debug|Any CPU
		{6B3735CF-3801-C0FD-783D-506630C2C874}.Debug|Any CPU.Build.0 = Debug|Any CPU
		{6B3735CF-3801-C0FD-783D-506630C2C874}.Release|Any CPU.ActiveCfg = Release|Any CPU
		{6B3735CF-3801-C0FD-783D-506630C2C874}.Release|Any CPU.Build.0 = Release|Any CPU
		{83A3B2C0-22F0-6E21-1FCF-F5BD741A11DB}.Debug|Any CPU.ActiveCfg = Debug|Any CPU
		{83A3B2C0-22F0-6E21-1FCF-F5BD741A11DB}.Debug|Any CPU.Build.0 = Debug|Any CPU
		{83A3B2C0-22F0-6E21-1FCF-F5BD741A11DB}.Release|Any CPU.ActiveCfg = Release|Any CPU
		{83A3B2C0-22F0-6E21-1FCF-F5BD741A11DB}.Release|Any CPU.Build.0 = Release|Any CPU
		{4F5DC77F-76C8-CB5B-B6E0-A094CC0D0891}.Debug|Any CPU.ActiveCfg = Debug|Any CPU
		{4F5DC77F-76C8-CB5B-B6E0-A094CC0D0891}.Debug|Any CPU.Build.0 = Debug|Any CPU
		{4F5DC77F-76C8-CB5B-B6E0-A094CC0D0891}.Release|Any CPU.ActiveCfg = Release|Any CPU
		{4F5DC77F-76C8-CB5B-B6E0-A094CC0D0891}.Release|Any CPU.Build.0 = Release|Any CPU
		{3AE9156F-B8BA-CC79-EA92-FB7FEF9DE527}.Debug|Any CPU.ActiveCfg = Debug|Any CPU
		{3AE9156F-B8BA-CC79-EA92-FB7FEF9DE527}.Debug|Any CPU.Build.0 = Debug|Any CPU
		{3AE9156F-B8BA-CC79-EA92-FB7FEF9DE527}.Release|Any CPU.ActiveCfg = Release|Any CPU
		{3AE9156F-B8BA-CC79-EA92-FB7FEF9DE527}.Release|Any CPU.Build.0 = Release|Any CPU
		{85B599B7-9EDE-BE90-77DE-B66E45BC23C8}.Debug|Any CPU.ActiveCfg = Debug|Any CPU
		{85B599B7-9EDE-BE90-77DE-B66E45BC23C8}.Debug|Any CPU.Build.0 = Debug|Any CPU
		{85B599B7-9EDE-BE90-77DE-B66E45BC23C8}.Release|Any CPU.ActiveCfg = Release|Any CPU
		{85B599B7-9EDE-BE90-77DE-B66E45BC23C8}.Release|Any CPU.Build.0 = Release|Any CPU
		{310D413A-502F-1A58-C457-C4FC4C6B6D55}.Debug|Any CPU.ActiveCfg = Debug|Any CPU
		{310D413A-502F-1A58-C457-C4FC4C6B6D55}.Debug|Any CPU.Build.0 = Debug|Any CPU
		{310D413A-502F-1A58-C457-C4FC4C6B6D55}.Release|Any CPU.ActiveCfg = Release|Any CPU
		{310D413A-502F-1A58-C457-C4FC4C6B6D55}.Release|Any CPU.Build.0 = Release|Any CPU
		{5546B9A1-24F1-D86D-D49F-04A48D0F0682}.Debug|Any CPU.ActiveCfg = Debug|Any CPU
		{5546B9A1-24F1-D86D-D49F-04A48D0F0682}.Debug|Any CPU.Build.0 = Debug|Any CPU
		{5546B9A1-24F1-D86D-D49F-04A48D0F0682}.Release|Any CPU.ActiveCfg = Release|Any CPU
		{5546B9A1-24F1-D86D-D49F-04A48D0F0682}.Release|Any CPU.Build.0 = Release|Any CPU
		{765BC03E-A9EC-75BD-4B39-DFE1A845A46A}.Debug|Any CPU.ActiveCfg = Debug|Any CPU
		{765BC03E-A9EC-75BD-4B39-DFE1A845A46A}.Debug|Any CPU.Build.0 = Debug|Any CPU
		{765BC03E-A9EC-75BD-4B39-DFE1A845A46A}.Release|Any CPU.ActiveCfg = Release|Any CPU
		{765BC03E-A9EC-75BD-4B39-DFE1A845A46A}.Release|Any CPU.Build.0 = Release|Any CPU
		{292AD29F-77E5-9325-D323-4DB7CC868D7D}.Debug|Any CPU.ActiveCfg = Debug|Any CPU
		{292AD29F-77E5-9325-D323-4DB7CC868D7D}.Debug|Any CPU.Build.0 = Debug|Any CPU
		{292AD29F-77E5-9325-D323-4DB7CC868D7D}.Release|Any CPU.ActiveCfg = Release|Any CPU
		{292AD29F-77E5-9325-D323-4DB7CC868D7D}.Release|Any CPU.Build.0 = Release|Any CPU
		{41EE9DAA-666F-5B2B-F6B0-00ABE92AB4F9}.Debug|Any CPU.ActiveCfg = Debug|Any CPU
		{41EE9DAA-666F-5B2B-F6B0-00ABE92AB4F9}.Debug|Any CPU.Build.0 = Debug|Any CPU
		{41EE9DAA-666F-5B2B-F6B0-00ABE92AB4F9}.Release|Any CPU.ActiveCfg = Release|Any CPU
		{41EE9DAA-666F-5B2B-F6B0-00ABE92AB4F9}.Release|Any CPU.Build.0 = Release|Any CPU
		{13553AD8-738D-289C-5427-698F50EF28AD}.Debug|Any CPU.ActiveCfg = Debug|Any CPU
		{13553AD8-738D-289C-5427-698F50EF28AD}.Debug|Any CPU.Build.0 = Debug|Any CPU
		{13553AD8-738D-289C-5427-698F50EF28AD}.Release|Any CPU.ActiveCfg = Release|Any CPU
		{13553AD8-738D-289C-5427-698F50EF28AD}.Release|Any CPU.Build.0 = Release|Any CPU
		{9BD72DFC-9CFE-39AB-8400-3727643004B4}.Debug|Any CPU.ActiveCfg = Debug|Any CPU
		{9BD72DFC-9CFE-39AB-8400-3727643004B4}.Debug|Any CPU.Build.0 = Debug|Any CPU
		{9BD72DFC-9CFE-39AB-8400-3727643004B4}.Release|Any CPU.ActiveCfg = Release|Any CPU
		{9BD72DFC-9CFE-39AB-8400-3727643004B4}.Release|Any CPU.Build.0 = Release|Any CPU
		{0ED37A50-56F0-3B79-FD71-647EF733C32D}.Debug|Any CPU.ActiveCfg = Debug|Any CPU
		{0ED37A50-56F0-3B79-FD71-647EF733C32D}.Debug|Any CPU.Build.0 = Debug|Any CPU
		{0ED37A50-56F0-3B79-FD71-647EF733C32D}.Release|Any CPU.ActiveCfg = Release|Any CPU
		{0ED37A50-56F0-3B79-FD71-647EF733C32D}.Release|Any CPU.Build.0 = Release|Any CPU
		{C3213470-EB03-035A-65BC-AE4723EF3888}.Debug|Any CPU.ActiveCfg = Debug|Any CPU
		{C3213470-EB03-035A-65BC-AE4723EF3888}.Debug|Any CPU.Build.0 = Debug|Any CPU
		{C3213470-EB03-035A-65BC-AE4723EF3888}.Release|Any CPU.ActiveCfg = Release|Any CPU
		{C3213470-EB03-035A-65BC-AE4723EF3888}.Release|Any CPU.Build.0 = Release|Any CPU
		{5A9F0F86-020F-A94C-3147-B1F60CB3A9E5}.Debug|Any CPU.ActiveCfg = Debug|Any CPU
		{5A9F0F86-020F-A94C-3147-B1F60CB3A9E5}.Debug|Any CPU.Build.0 = Debug|Any CPU
		{5A9F0F86-020F-A94C-3147-B1F60CB3A9E5}.Release|Any CPU.ActiveCfg = Release|Any CPU
		{5A9F0F86-020F-A94C-3147-B1F60CB3A9E5}.Release|Any CPU.Build.0 = Release|Any CPU
		{9DCC30A0-D4CE-38B5-B979-0591808BD084}.Debug|Any CPU.ActiveCfg = Debug|Any CPU
		{9DCC30A0-D4CE-38B5-B979-0591808BD084}.Debug|Any CPU.Build.0 = Debug|Any CPU
		{9DCC30A0-D4CE-38B5-B979-0591808BD084}.Release|Any CPU.ActiveCfg = Release|Any CPU
		{9DCC30A0-D4CE-38B5-B979-0591808BD084}.Release|Any CPU.Build.0 = Release|Any CPU
		{96C32D40-6A71-D467-9DBB-6468590D5997}.Debug|Any CPU.ActiveCfg = Debug|Any CPU
		{96C32D40-6A71-D467-9DBB-6468590D5997}.Debug|Any CPU.Build.0 = Debug|Any CPU
		{96C32D40-6A71-D467-9DBB-6468590D5997}.Release|Any CPU.ActiveCfg = Release|Any CPU
		{96C32D40-6A71-D467-9DBB-6468590D5997}.Release|Any CPU.Build.0 = Release|Any CPU
		{0E80D06A-081C-DD67-14C2-693D5C68A4CB}.Debug|Any CPU.ActiveCfg = Debug|Any CPU
		{0E80D06A-081C-DD67-14C2-693D5C68A4CB}.Debug|Any CPU.Build.0 = Debug|Any CPU
		{0E80D06A-081C-DD67-14C2-693D5C68A4CB}.Release|Any CPU.ActiveCfg = Release|Any CPU
		{0E80D06A-081C-DD67-14C2-693D5C68A4CB}.Release|Any CPU.Build.0 = Release|Any CPU
		{F50A643D-EFA8-ABF1-0BCC-71EBCB296316}.Debug|Any CPU.ActiveCfg = Debug|Any CPU
		{F50A643D-EFA8-ABF1-0BCC-71EBCB296316}.Debug|Any CPU.Build.0 = Debug|Any CPU
		{F50A643D-EFA8-ABF1-0BCC-71EBCB296316}.Release|Any CPU.ActiveCfg = Release|Any CPU
		{F50A643D-EFA8-ABF1-0BCC-71EBCB296316}.Release|Any CPU.Build.0 = Release|Any CPU
		{7CFA4686-C8DB-ADEA-1772-4D6DE2FDEFEA}.Debug|Any CPU.ActiveCfg = Debug|Any CPU
		{7CFA4686-C8DB-ADEA-1772-4D6DE2FDEFEA}.Debug|Any CPU.Build.0 = Debug|Any CPU
		{7CFA4686-C8DB-ADEA-1772-4D6DE2FDEFEA}.Release|Any CPU.ActiveCfg = Release|Any CPU
		{7CFA4686-C8DB-ADEA-1772-4D6DE2FDEFEA}.Release|Any CPU.Build.0 = Release|Any CPU
		{86AF68B6-8320-8B87-BBE2-5E045430FAA8}.Debug|Any CPU.ActiveCfg = Debug|Any CPU
		{86AF68B6-8320-8B87-BBE2-5E045430FAA8}.Debug|Any CPU.Build.0 = Debug|Any CPU
		{86AF68B6-8320-8B87-BBE2-5E045430FAA8}.Release|Any CPU.ActiveCfg = Release|Any CPU
		{86AF68B6-8320-8B87-BBE2-5E045430FAA8}.Release|Any CPU.Build.0 = Release|Any CPU
		{D15870E0-3871-EB05-B7E6-FDE42988035C}.Debug|Any CPU.ActiveCfg = Debug|Any CPU
		{D15870E0-3871-EB05-B7E6-FDE42988035C}.Debug|Any CPU.Build.0 = Debug|Any CPU
		{D15870E0-3871-EB05-B7E6-FDE42988035C}.Release|Any CPU.ActiveCfg = Release|Any CPU
		{D15870E0-3871-EB05-B7E6-FDE42988035C}.Release|Any CPU.Build.0 = Release|Any CPU
		{945641CE-FE64-F1D4-7127-F52F22680B26}.Debug|Any CPU.ActiveCfg = Debug|Any CPU
		{945641CE-FE64-F1D4-7127-F52F22680B26}.Debug|Any CPU.Build.0 = Debug|Any CPU
		{945641CE-FE64-F1D4-7127-F52F22680B26}.Release|Any CPU.ActiveCfg = Release|Any CPU
		{945641CE-FE64-F1D4-7127-F52F22680B26}.Release|Any CPU.Build.0 = Release|Any CPU
		{B9EAD32D-0EF3-F97E-AB27-09B1B58DABD0}.Debug|Any CPU.ActiveCfg = Debug|Any CPU
		{B9EAD32D-0EF3-F97E-AB27-09B1B58DABD0}.Debug|Any CPU.Build.0 = Debug|Any CPU
		{B9EAD32D-0EF3-F97E-AB27-09B1B58DABD0}.Release|Any CPU.ActiveCfg = Release|Any CPU
		{B9EAD32D-0EF3-F97E-AB27-09B1B58DABD0}.Release|Any CPU.Build.0 = Release|Any CPU
		{136BDF8F-BBD8-B662-AB0D-32B9B52959E2}.Debug|Any CPU.ActiveCfg = Debug|Any CPU
		{136BDF8F-BBD8-B662-AB0D-32B9B52959E2}.Debug|Any CPU.Build.0 = Debug|Any CPU
		{136BDF8F-BBD8-B662-AB0D-32B9B52959E2}.Release|Any CPU.ActiveCfg = Release|Any CPU
		{136BDF8F-BBD8-B662-AB0D-32B9B52959E2}.Release|Any CPU.Build.0 = Release|Any CPU
		{80629509-7FE3-A3E7-EB51-06695957C1A0}.Debug|Any CPU.ActiveCfg = Debug|Any CPU
		{80629509-7FE3-A3E7-EB51-06695957C1A0}.Debug|Any CPU.Build.0 = Debug|Any CPU
		{80629509-7FE3-A3E7-EB51-06695957C1A0}.Release|Any CPU.ActiveCfg = Release|Any CPU
		{80629509-7FE3-A3E7-EB51-06695957C1A0}.Release|Any CPU.Build.0 = Release|Any CPU
		{3E7169DD-32AF-31DF-8D1A-FE09784BC1C3}.Debug|Any CPU.ActiveCfg = Debug|Any CPU
		{3E7169DD-32AF-31DF-8D1A-FE09784BC1C3}.Debug|Any CPU.Build.0 = Debug|Any CPU
		{3E7169DD-32AF-31DF-8D1A-FE09784BC1C3}.Release|Any CPU.ActiveCfg = Release|Any CPU
		{3E7169DD-32AF-31DF-8D1A-FE09784BC1C3}.Release|Any CPU.Build.0 = Release|Any CPU
		{EB0AAA17-765C-68FC-13D2-6CF4F932B068}.Debug|Any CPU.ActiveCfg = Debug|Any CPU
		{EB0AAA17-765C-68FC-13D2-6CF4F932B068}.Debug|Any CPU.Build.0 = Debug|Any CPU
		{EB0AAA17-765C-68FC-13D2-6CF4F932B068}.Release|Any CPU.ActiveCfg = Release|Any CPU
		{EB0AAA17-765C-68FC-13D2-6CF4F932B068}.Release|Any CPU.Build.0 = Release|Any CPU
		{725FA53C-6B56-A12F-4EB5-02DDE6756889}.Debug|Any CPU.ActiveCfg = Debug|Any CPU
		{725FA53C-6B56-A12F-4EB5-02DDE6756889}.Debug|Any CPU.Build.0 = Debug|Any CPU
		{725FA53C-6B56-A12F-4EB5-02DDE6756889}.Release|Any CPU.ActiveCfg = Release|Any CPU
		{725FA53C-6B56-A12F-4EB5-02DDE6756889}.Release|Any CPU.Build.0 = Release|Any CPU
		{F9159BA3-C13A-7B0B-7CC3-EE061D123B5A}.Debug|Any CPU.ActiveCfg = Debug|Any CPU
		{F9159BA3-C13A-7B0B-7CC3-EE061D123B5A}.Debug|Any CPU.Build.0 = Debug|Any CPU
		{F9159BA3-C13A-7B0B-7CC3-EE061D123B5A}.Release|Any CPU.ActiveCfg = Release|Any CPU
		{F9159BA3-C13A-7B0B-7CC3-EE061D123B5A}.Release|Any CPU.Build.0 = Release|Any CPU
		{53C1B47B-3DA7-5DB7-37A6-36F203ADA057}.Debug|Any CPU.ActiveCfg = Debug|Any CPU
		{53C1B47B-3DA7-5DB7-37A6-36F203ADA057}.Debug|Any CPU.Build.0 = Debug|Any CPU
		{53C1B47B-3DA7-5DB7-37A6-36F203ADA057}.Release|Any CPU.ActiveCfg = Release|Any CPU
		{53C1B47B-3DA7-5DB7-37A6-36F203ADA057}.Release|Any CPU.Build.0 = Release|Any CPU
		{6253FC6D-6FB9-D10F-7939-49294DDDFF3E}.Debug|Any CPU.ActiveCfg = Debug|Any CPU
		{6253FC6D-6FB9-D10F-7939-49294DDDFF3E}.Debug|Any CPU.Build.0 = Debug|Any CPU
		{6253FC6D-6FB9-D10F-7939-49294DDDFF3E}.Release|Any CPU.ActiveCfg = Release|Any CPU
		{6253FC6D-6FB9-D10F-7939-49294DDDFF3E}.Release|Any CPU.Build.0 = Release|Any CPU
		{248665B0-17FC-4582-460A-769BEEF33DBC}.Debug|Any CPU.ActiveCfg = Debug|Any CPU
		{248665B0-17FC-4582-460A-769BEEF33DBC}.Debug|Any CPU.Build.0 = Debug|Any CPU
		{248665B0-17FC-4582-460A-769BEEF33DBC}.Release|Any CPU.ActiveCfg = Release|Any CPU
		{248665B0-17FC-4582-460A-769BEEF33DBC}.Release|Any CPU.Build.0 = Release|Any CPU
		{875EED57-15FF-0E85-E557-90F4ED919392}.Debug|Any CPU.ActiveCfg = Debug|Any CPU
		{875EED57-15FF-0E85-E557-90F4ED919392}.Debug|Any CPU.Build.0 = Debug|Any CPU
		{875EED57-15FF-0E85-E557-90F4ED919392}.Release|Any CPU.ActiveCfg = Release|Any CPU
		{875EED57-15FF-0E85-E557-90F4ED919392}.Release|Any CPU.Build.0 = Release|Any CPU
		{8B50ADB2-5711-9726-6515-E2BCD9571E88}.Debug|Any CPU.ActiveCfg = Debug|Any CPU
		{8B50ADB2-5711-9726-6515-E2BCD9571E88}.Debug|Any CPU.Build.0 = Debug|Any CPU
		{8B50ADB2-5711-9726-6515-E2BCD9571E88}.Release|Any CPU.ActiveCfg = Release|Any CPU
		{8B50ADB2-5711-9726-6515-E2BCD9571E88}.Release|Any CPU.Build.0 = Release|Any CPU
		{47B18EA2-FB72-2D0A-F73A-9DC055B876DA}.Debug|Any CPU.ActiveCfg = Debug|Any CPU
		{47B18EA2-FB72-2D0A-F73A-9DC055B876DA}.Debug|Any CPU.Build.0 = Debug|Any CPU
		{47B18EA2-FB72-2D0A-F73A-9DC055B876DA}.Release|Any CPU.ActiveCfg = Release|Any CPU
		{47B18EA2-FB72-2D0A-F73A-9DC055B876DA}.Release|Any CPU.Build.0 = Release|Any CPU
		{C2AB9C84-9C3B-78CB-0967-E504C5B6A9C7}.Debug|Any CPU.ActiveCfg = Debug|Any CPU
		{C2AB9C84-9C3B-78CB-0967-E504C5B6A9C7}.Debug|Any CPU.Build.0 = Debug|Any CPU
		{C2AB9C84-9C3B-78CB-0967-E504C5B6A9C7}.Release|Any CPU.ActiveCfg = Release|Any CPU
		{C2AB9C84-9C3B-78CB-0967-E504C5B6A9C7}.Release|Any CPU.Build.0 = Release|Any CPU
		{8C27720B-7EE2-A6A3-2B33-C162750414FC}.Debug|Any CPU.ActiveCfg = Debug|Any CPU
		{8C27720B-7EE2-A6A3-2B33-C162750414FC}.Debug|Any CPU.Build.0 = Debug|Any CPU
		{8C27720B-7EE2-A6A3-2B33-C162750414FC}.Release|Any CPU.ActiveCfg = Release|Any CPU
		{8C27720B-7EE2-A6A3-2B33-C162750414FC}.Release|Any CPU.Build.0 = Release|Any CPU
		{C2BFF753-EA74-E661-0964-F11BC89202C8}.Debug|Any CPU.ActiveCfg = Debug|Any CPU
		{C2BFF753-EA74-E661-0964-F11BC89202C8}.Debug|Any CPU.Build.0 = Debug|Any CPU
		{C2BFF753-EA74-E661-0964-F11BC89202C8}.Release|Any CPU.ActiveCfg = Release|Any CPU
		{C2BFF753-EA74-E661-0964-F11BC89202C8}.Release|Any CPU.Build.0 = Release|Any CPU
		{C4D6F555-93EA-F240-6B7F-B7F4CC43254E}.Debug|Any CPU.ActiveCfg = Debug|Any CPU
		{C4D6F555-93EA-F240-6B7F-B7F4CC43254E}.Debug|Any CPU.Build.0 = Debug|Any CPU
		{C4D6F555-93EA-F240-6B7F-B7F4CC43254E}.Release|Any CPU.ActiveCfg = Release|Any CPU
		{C4D6F555-93EA-F240-6B7F-B7F4CC43254E}.Release|Any CPU.Build.0 = Release|Any CPU
		{75055DFB-EC84-889B-BC16-43B8C038AAD8}.Debug|Any CPU.ActiveCfg = Debug|Any CPU
		{75055DFB-EC84-889B-BC16-43B8C038AAD8}.Debug|Any CPU.Build.0 = Debug|Any CPU
		{75055DFB-EC84-889B-BC16-43B8C038AAD8}.Release|Any CPU.ActiveCfg = Release|Any CPU
		{75055DFB-EC84-889B-BC16-43B8C038AAD8}.Release|Any CPU.Build.0 = Release|Any CPU
		{CA1B0E89-5AE1-048B-6AE5-2A626281789A}.Debug|Any CPU.ActiveCfg = Debug|Any CPU
		{CA1B0E89-5AE1-048B-6AE5-2A626281789A}.Debug|Any CPU.Build.0 = Debug|Any CPU
		{CA1B0E89-5AE1-048B-6AE5-2A626281789A}.Release|Any CPU.ActiveCfg = Release|Any CPU
		{CA1B0E89-5AE1-048B-6AE5-2A626281789A}.Release|Any CPU.Build.0 = Release|Any CPU
		{CD6EFA35-9778-83D2-237F-D39103D4EF8A}.Debug|Any CPU.ActiveCfg = Debug|Any CPU
		{CD6EFA35-9778-83D2-237F-D39103D4EF8A}.Debug|Any CPU.Build.0 = Debug|Any CPU
		{CD6EFA35-9778-83D2-237F-D39103D4EF8A}.Release|Any CPU.ActiveCfg = Release|Any CPU
		{CD6EFA35-9778-83D2-237F-D39103D4EF8A}.Release|Any CPU.Build.0 = Release|Any CPU
		{C07D384C-6A93-A8C6-1981-BA133C10861D}.Debug|Any CPU.ActiveCfg = Debug|Any CPU
		{C07D384C-6A93-A8C6-1981-BA133C10861D}.Debug|Any CPU.Build.0 = Debug|Any CPU
		{C07D384C-6A93-A8C6-1981-BA133C10861D}.Release|Any CPU.ActiveCfg = Release|Any CPU
		{C07D384C-6A93-A8C6-1981-BA133C10861D}.Release|Any CPU.Build.0 = Release|Any CPU
		{1824A8E7-3695-39DD-11B2-9DC940FAA2D1}.Debug|Any CPU.ActiveCfg = Debug|Any CPU
		{1824A8E7-3695-39DD-11B2-9DC940FAA2D1}.Debug|Any CPU.Build.0 = Debug|Any CPU
		{1824A8E7-3695-39DD-11B2-9DC940FAA2D1}.Release|Any CPU.ActiveCfg = Release|Any CPU
		{1824A8E7-3695-39DD-11B2-9DC940FAA2D1}.Release|Any CPU.Build.0 = Release|Any CPU
		{E47FA6C5-5605-47E0-9997-CA97E132C82A}.Debug|Any CPU.ActiveCfg = Debug|Any CPU
		{E47FA6C5-5605-47E0-9997-CA97E132C82A}.Debug|Any CPU.Build.0 = Debug|Any CPU
		{E47FA6C5-5605-47E0-9997-CA97E132C82A}.Release|Any CPU.ActiveCfg = Release|Any CPU
		{E47FA6C5-5605-47E0-9997-CA97E132C82A}.Release|Any CPU.Build.0 = Release|Any CPU
		{BB6E5869-A657-8F58-351D-4726ACEAD56D}.Debug|Any CPU.ActiveCfg = Debug|Any CPU
		{BB6E5869-A657-8F58-351D-4726ACEAD56D}.Debug|Any CPU.Build.0 = Debug|Any CPU
		{BB6E5869-A657-8F58-351D-4726ACEAD56D}.Release|Any CPU.ActiveCfg = Release|Any CPU
		{BB6E5869-A657-8F58-351D-4726ACEAD56D}.Release|Any CPU.Build.0 = Release|Any CPU
		{A64F0C86-6E04-F59B-593F-B057C71EC24A}.Debug|Any CPU.ActiveCfg = Debug|Any CPU
		{A64F0C86-6E04-F59B-593F-B057C71EC24A}.Debug|Any CPU.Build.0 = Debug|Any CPU
		{A64F0C86-6E04-F59B-593F-B057C71EC24A}.Release|Any CPU.ActiveCfg = Release|Any CPU
		{A64F0C86-6E04-F59B-593F-B057C71EC24A}.Release|Any CPU.Build.0 = Release|Any CPU
		{3ECF28AB-FCFF-02F1-9DED-0E2BCCA81374}.Debug|Any CPU.ActiveCfg = Debug|Any CPU
		{3ECF28AB-FCFF-02F1-9DED-0E2BCCA81374}.Debug|Any CPU.Build.0 = Debug|Any CPU
		{3ECF28AB-FCFF-02F1-9DED-0E2BCCA81374}.Release|Any CPU.ActiveCfg = Release|Any CPU
		{3ECF28AB-FCFF-02F1-9DED-0E2BCCA81374}.Release|Any CPU.Build.0 = Release|Any CPU
		{F2642495-2E55-A20B-6D1A-1D3D6B735DCD}.Debug|Any CPU.ActiveCfg = Debug|Any CPU
		{F2642495-2E55-A20B-6D1A-1D3D6B735DCD}.Debug|Any CPU.Build.0 = Debug|Any CPU
		{F2642495-2E55-A20B-6D1A-1D3D6B735DCD}.Release|Any CPU.ActiveCfg = Release|Any CPU
		{F2642495-2E55-A20B-6D1A-1D3D6B735DCD}.Release|Any CPU.Build.0 = Release|Any CPU
		{ADFA9FF8-05B4-9A3D-9088-9C4CA40C9481}.Debug|Any CPU.ActiveCfg = Debug|Any CPU
		{ADFA9FF8-05B4-9A3D-9088-9C4CA40C9481}.Debug|Any CPU.Build.0 = Debug|Any CPU
		{ADFA9FF8-05B4-9A3D-9088-9C4CA40C9481}.Release|Any CPU.ActiveCfg = Release|Any CPU
		{ADFA9FF8-05B4-9A3D-9088-9C4CA40C9481}.Release|Any CPU.Build.0 = Release|Any CPU
		{9769DEC3-6296-2715-3814-66FBCE7B161E}.Debug|Any CPU.ActiveCfg = Debug|Any CPU
		{9769DEC3-6296-2715-3814-66FBCE7B161E}.Debug|Any CPU.Build.0 = Debug|Any CPU
		{9769DEC3-6296-2715-3814-66FBCE7B161E}.Release|Any CPU.ActiveCfg = Release|Any CPU
		{9769DEC3-6296-2715-3814-66FBCE7B161E}.Release|Any CPU.Build.0 = Release|Any CPU
		{1C59573B-80C2-B5D1-07E9-6F36A1B24073}.Debug|Any CPU.ActiveCfg = Debug|Any CPU
		{1C59573B-80C2-B5D1-07E9-6F36A1B24073}.Debug|Any CPU.Build.0 = Debug|Any CPU
		{1C59573B-80C2-B5D1-07E9-6F36A1B24073}.Release|Any CPU.ActiveCfg = Release|Any CPU
		{1C59573B-80C2-B5D1-07E9-6F36A1B24073}.Release|Any CPU.Build.0 = Release|Any CPU
		{23202133-64F1-9CB6-9B75-D80759941903}.Debug|Any CPU.ActiveCfg = Debug|Any CPU
		{23202133-64F1-9CB6-9B75-D80759941903}.Debug|Any CPU.Build.0 = Debug|Any CPU
		{23202133-64F1-9CB6-9B75-D80759941903}.Release|Any CPU.ActiveCfg = Release|Any CPU
		{23202133-64F1-9CB6-9B75-D80759941903}.Release|Any CPU.Build.0 = Release|Any CPU
		{DF2BA8B2-8F0E-5A24-A151-DE9F746B33DE}.Debug|Any CPU.ActiveCfg = Debug|Any CPU
		{DF2BA8B2-8F0E-5A24-A151-DE9F746B33DE}.Debug|Any CPU.Build.0 = Debug|Any CPU
		{DF2BA8B2-8F0E-5A24-A151-DE9F746B33DE}.Release|Any CPU.ActiveCfg = Release|Any CPU
		{DF2BA8B2-8F0E-5A24-A151-DE9F746B33DE}.Release|Any CPU.Build.0 = Release|Any CPU
		{A9D1D738-2971-A5BF-F44E-60BB7F4B47E3}.Debug|Any CPU.ActiveCfg = Debug|Any CPU
		{A9D1D738-2971-A5BF-F44E-60BB7F4B47E3}.Debug|Any CPU.Build.0 = Debug|Any CPU
		{A9D1D738-2971-A5BF-F44E-60BB7F4B47E3}.Release|Any CPU.ActiveCfg = Release|Any CPU
		{A9D1D738-2971-A5BF-F44E-60BB7F4B47E3}.Release|Any CPU.Build.0 = Release|Any CPU
		{1B06B0E0-C17D-3837-95B7-75124846DF53}.Debug|Any CPU.ActiveCfg = Debug|Any CPU
		{1B06B0E0-C17D-3837-95B7-75124846DF53}.Debug|Any CPU.Build.0 = Debug|Any CPU
		{1B06B0E0-C17D-3837-95B7-75124846DF53}.Release|Any CPU.ActiveCfg = Release|Any CPU
		{1B06B0E0-C17D-3837-95B7-75124846DF53}.Release|Any CPU.Build.0 = Release|Any CPU
		{159F78AF-8200-4988-AA59-FD43BFD73927}.Debug|Any CPU.ActiveCfg = Debug|Any CPU
		{159F78AF-8200-4988-AA59-FD43BFD73927}.Debug|Any CPU.Build.0 = Debug|Any CPU
		{159F78AF-8200-4988-AA59-FD43BFD73927}.Release|Any CPU.ActiveCfg = Release|Any CPU
		{159F78AF-8200-4988-AA59-FD43BFD73927}.Release|Any CPU.Build.0 = Release|Any CPU
		{C5D6A440-174F-5826-1F98-0C235C4E9249}.Debug|Any CPU.ActiveCfg = Debug|Any CPU
		{C5D6A440-174F-5826-1F98-0C235C4E9249}.Debug|Any CPU.Build.0 = Debug|Any CPU
		{C5D6A440-174F-5826-1F98-0C235C4E9249}.Release|Any CPU.ActiveCfg = Release|Any CPU
		{C5D6A440-174F-5826-1F98-0C235C4E9249}.Release|Any CPU.Build.0 = Release|Any CPU
		{B38F2307-A534-6BF6-9AE9-19184F30566E}.Debug|Any CPU.ActiveCfg = Debug|Any CPU
		{B38F2307-A534-6BF6-9AE9-19184F30566E}.Debug|Any CPU.Build.0 = Debug|Any CPU
		{B38F2307-A534-6BF6-9AE9-19184F30566E}.Release|Any CPU.ActiveCfg = Release|Any CPU
		{B38F2307-A534-6BF6-9AE9-19184F30566E}.Release|Any CPU.Build.0 = Release|Any CPU
		{1FBA3299-1D78-A7F7-E26A-D8F92FA577F9}.Debug|Any CPU.ActiveCfg = Debug|Any CPU
		{1FBA3299-1D78-A7F7-E26A-D8F92FA577F9}.Debug|Any CPU.Build.0 = Debug|Any CPU
		{1FBA3299-1D78-A7F7-E26A-D8F92FA577F9}.Release|Any CPU.ActiveCfg = Release|Any CPU
		{1FBA3299-1D78-A7F7-E26A-D8F92FA577F9}.Release|Any CPU.Build.0 = Release|Any CPU
		{CA3E21F7-5B4D-09F2-EEC2-B518333C50D6}.Debug|Any CPU.ActiveCfg = Debug|Any CPU
		{CA3E21F7-5B4D-09F2-EEC2-B518333C50D6}.Debug|Any CPU.Build.0 = Debug|Any CPU
		{CA3E21F7-5B4D-09F2-EEC2-B518333C50D6}.Release|Any CPU.ActiveCfg = Release|Any CPU
		{CA3E21F7-5B4D-09F2-EEC2-B518333C50D6}.Release|Any CPU.Build.0 = Release|Any CPU
		{62D8D6D2-9041-7A22-AB30-D12FF0E7577D}.Debug|Any CPU.ActiveCfg = Debug|Any CPU
		{62D8D6D2-9041-7A22-AB30-D12FF0E7577D}.Debug|Any CPU.Build.0 = Debug|Any CPU
		{62D8D6D2-9041-7A22-AB30-D12FF0E7577D}.Release|Any CPU.ActiveCfg = Release|Any CPU
		{62D8D6D2-9041-7A22-AB30-D12FF0E7577D}.Release|Any CPU.Build.0 = Release|Any CPU
		{0840AE6A-0C47-CA09-04DD-1D4F45C8FD52}.Debug|Any CPU.ActiveCfg = Debug|Any CPU
		{0840AE6A-0C47-CA09-04DD-1D4F45C8FD52}.Debug|Any CPU.Build.0 = Debug|Any CPU
		{0840AE6A-0C47-CA09-04DD-1D4F45C8FD52}.Release|Any CPU.ActiveCfg = Release|Any CPU
		{0840AE6A-0C47-CA09-04DD-1D4F45C8FD52}.Release|Any CPU.Build.0 = Release|Any CPU
	EndGlobalSection
	GlobalSection(SolutionProperties) = preSolution
		HideSolutionNode = FALSE
	EndGlobalSection
EndGlobal
