
Microsoft Visual Studio Solution File, Format Version 11.00
# Visual Studio 2010
Project("{FAE04EC0-301F-11D3-BF4B-00C04F79EFBC}") = "Live2D.Cubism", "Live2D.Cubism.csproj", "{b81c9cd9-8719-b0e7-2bd1-8af9cdf58e23}"
EndProject
Project("{FAE04EC0-301F-11D3-BF4B-00C04F79EFBC}") = "Assembly-CSharp", "Assembly-CSharp.csproj", "{d58be0a8-f054-c8ff-3fc3-92bb16eafccb}"
EndProject
Project("{FAE04EC0-301F-11D3-BF4B-00C04F79EFBC}") = "Live2D.Cubism.Editor", "Live2D.Cubism.Editor.csproj", "{ce703855-83bd-cdc2-942e-1d17dbd0bba8}"
EndProject
Project("{FAE04EC0-301F-11D3-BF4B-00C04F79EFBC}") = "Assembly-CSharp-Editor", "Assembly-CSharp-Editor.csproj", "{c0e3651f-91a0-b268-b1f3-1309876ff936}"
EndProject
Global
	GlobalSection(SolutionConfigurationPlatforms) = preSolution
		Debug|Any CPU = Debug|Any CPU
	EndGlobalSection
	GlobalSection(ProjectConfigurationPlatforms) = postSolution
		{b81c9cd9-8719-b0e7-2bd1-8af9cdf58e23}.Debug|Any CPU.ActiveCfg = Debug|Any CPU
		{b81c9cd9-8719-b0e7-2bd1-8af9cdf58e23}.Debug|Any CPU.Build.0 = Debug|Any CPU
		{d58be0a8-f054-c8ff-3fc3-92bb16eafccb}.Debug|Any CPU.ActiveCfg = Debug|Any CPU
		{d58be0a8-f054-c8ff-3fc3-92bb16eafccb}.Debug|Any CPU.Build.0 = Debug|Any CPU
		{ce703855-83bd-cdc2-942e-1d17dbd0bba8}.Debug|Any CPU.ActiveCfg = Debug|Any CPU
		{ce703855-83bd-cdc2-942e-1d17dbd0bba8}.Debug|Any CPU.Build.0 = Debug|Any CPU
		{c0e3651f-91a0-b268-b1f3-1309876ff936}.Debug|Any CPU.ActiveCfg = Debug|Any CPU
		{c0e3651f-91a0-b268-b1f3-1309876ff936}.Debug|Any CPU.Build.0 = Debug|Any CPU
	EndGlobalSection
	GlobalSection(SolutionProperties) = preSolution
		HideSolutionNode = FALSE
	EndGlobalSection
EndGlobal
