
Microsoft Visual Studio Solution File, Format Version 12.00
# Visual Studio 15
VisualStudioVersion = 15.0.33423.255
MinimumVisualStudioVersion = 10.0.40219.1
Project("{FAE04EC0-301F-11D3-BF4B-00C04F79EFBC}") = "Live2D.Cubism", "Live2D.Cubism.csproj", "{B81C9CD9-8719-B0E7-2BD1-8AF9CDF58E23}"
EndProject
Project("{FAE04EC0-301F-11D3-BF4B-00C04F79EFBC}") = "Assembly-CSharp", "Assembly-CSharp.csproj", "{A8E08BD5-54F0-FFC8-3FC3-92BB16EAFCCB}"
EndProject
Project("{FAE04EC0-301F-11D3-BF4B-00C04F79EFBC}") = "Live2D.Cubism.Editor", "Live2D.Cubism.Editor.csproj", "{CE703855-83BD-CDC2-942E-1D17DBD0BBA8}"
EndProject
Project("{FAE04EC0-301F-11D3-BF4B-00C04F79EFBC}") = "Assembly-CSharp-Editor", "Assembly-CSharp-Editor.csproj", "{C0E3651F-91A0-B268-B1F3-1309876FF936}"
EndProject
Global
	GlobalSection(SolutionConfigurationPlatforms) = preSolution
		Debug|Any CPU = Debug|Any CPU
		Release|Any CPU = Release|Any CPU
	EndGlobalSection
	GlobalSection(ProjectConfigurationPlatforms) = postSolution
		{B81C9CD9-8719-B0E7-2BD1-8AF9CDF58E23}.Debug|Any CPU.ActiveCfg = Debug|Any CPU
		{B81C9CD9-8719-B0E7-2BD1-8AF9CDF58E23}.Debug|Any CPU.Build.0 = Debug|Any CPU
		{B81C9CD9-8719-B0E7-2BD1-8AF9CDF58E23}.Release|Any CPU.ActiveCfg = Debug|Any CPU
		{B81C9CD9-8719-B0E7-2BD1-8AF9CDF58E23}.Release|Any CPU.Build.0 = Debug|Any CPU
		{A8E08BD5-54F0-FFC8-3FC3-92BB16EAFCCB}.Debug|Any CPU.ActiveCfg = Debug|Any CPU
		{A8E08BD5-54F0-FFC8-3FC3-92BB16EAFCCB}.Debug|Any CPU.Build.0 = Debug|Any CPU
		{A8E08BD5-54F0-FFC8-3FC3-92BB16EAFCCB}.Release|Any CPU.ActiveCfg = Release|Any CPU
		{A8E08BD5-54F0-FFC8-3FC3-92BB16EAFCCB}.Release|Any CPU.Build.0 = Release|Any CPU
		{CE703855-83BD-CDC2-942E-1D17DBD0BBA8}.Debug|Any CPU.ActiveCfg = Debug|Any CPU
		{CE703855-83BD-CDC2-942E-1D17DBD0BBA8}.Debug|Any CPU.Build.0 = Debug|Any CPU
		{CE703855-83BD-CDC2-942E-1D17DBD0BBA8}.Release|Any CPU.ActiveCfg = Debug|Any CPU
		{CE703855-83BD-CDC2-942E-1D17DBD0BBA8}.Release|Any CPU.Build.0 = Debug|Any CPU
		{C0E3651F-91A0-B268-B1F3-1309876FF936}.Debug|Any CPU.ActiveCfg = Debug|Any CPU
		{C0E3651F-91A0-B268-B1F3-1309876FF936}.Debug|Any CPU.Build.0 = Debug|Any CPU
		{C0E3651F-91A0-B268-B1F3-1309876FF936}.Release|Any CPU.ActiveCfg = Release|Any CPU
		{C0E3651F-91A0-B268-B1F3-1309876FF936}.Release|Any CPU.Build.0 = Release|Any CPU
	EndGlobalSection
	GlobalSection(SolutionProperties) = preSolution
		HideSolutionNode = FALSE
	EndGlobalSection
	GlobalSection(ExtensibilityGlobals) = postSolution
		SolutionGuid = {511E314F-878D-41B8-8598-A1BA01254ABE}
	EndGlobalSection
EndGlobal
