
Microsoft Visual Studio Solution File, Format Version 11.00
# Visual Studio 2010
Project("{FAE04EC0-301F-11D3-BF4B-00C04F79EFBC}") = "Assembly-CSharp", "Assembly-CSharp.csproj", "{710dd6b1-076f-a0a6-b2d2-3327909400be}"
EndProject
Project("{FAE04EC0-301F-11D3-BF4B-00C04F79EFBC}") = "Assembly-CSharp-Editor", "Assembly-CSharp-Editor.csproj", "{19a6a5e5-ff43-2b02-10f6-85b2552220ae}"
EndProject
Global
	GlobalSection(SolutionConfigurationPlatforms) = preSolution
		Debug|Any CPU = Debug|Any CPU
	EndGlobalSection
	GlobalSection(ProjectConfigurationPlatforms) = postSolution
		{710dd6b1-076f-a0a6-b2d2-3327909400be}.Debug|Any CPU.ActiveCfg = Debug|Any CPU
		{710dd6b1-076f-a0a6-b2d2-3327909400be}.Debug|Any CPU.Build.0 = Debug|Any CPU
		{19a6a5e5-ff43-2b02-10f6-85b2552220ae}.Debug|Any CPU.ActiveCfg = Debug|Any CPU
		{19a6a5e5-ff43-2b02-10f6-85b2552220ae}.Debug|Any CPU.Build.0 = Debug|Any CPU
	EndGlobalSection
	GlobalSection(SolutionProperties) = preSolution
		HideSolutionNode = FALSE
	EndGlobalSection
EndGlobal
